{
    "_readme": [
        "This file locks the dependencies of your project to a known state",
        "Read more about it at http://getcomposer.org/doc/01-basic-usage.md#composer-lock-the-lock-file"
    ],
    "hash": "9cc4573e361828a1e6a849ef66479f67",
    "packages": [
        {
            "name": "phansys/getid3",
            "version": "2.1.x-dev",
            "target-dir": "GetId3",
            "source": {
                "type": "git",
                "url": "https://github.com/phansys/GetId3.git",
                "reference": "46ad6bd9edaa75d08051bf056d5d2e92393eafa1"
            },
            "dist": {
                "type": "zip",
                "url": "https://api.github.com/repos/phansys/GetId3/zipball/46ad6bd9edaa75d08051bf056d5d2e92393eafa1",
                "reference": "46ad6bd9edaa75d08051bf056d5d2e92393eafa1",
                "shasum": ""
            },
            "suggest": {
                "ext-exif": "EXIF extension is required for graphic modules.",
                "ext-rar": "RAR extension is required for RAR archive module."
            },
            "type": "library",
            "autoload": {
                "psr-0": {
                    "GetId3": ""
                }
            },
            "notification-url": "https://packagist.org/downloads/",
            "license": [
                "GPL"
            ],
            "authors": [
                {
                    "name": "James Heinrich",
                    "email": "info@getid3.org",
                    "homepage": "http://www.getid3.org"
                }
            ],
            "description": "This release of GetId3 library updates to PSR-0 CS, add namespaces and makes it Symfony 2.x installable by deps or composer mechanisms.",
            "homepage": "http://www.getid3.org",
            "keywords": [
                "getid3",
                "metadata",
                "tags"
            ],
            "time": "2013-05-23 00:47:00"
        }
    ],
    "packages-dev": [

    ],
    "aliases": [

    ],
    "minimum-stability": "stable",
    "stability-flags": {
        "phansys/getid3": 20
    },
    "platform": [

    ],
    "platform-dev": [

    ]
}
