{
    "_readme": [
        "This file locks the dependencies of your project to a known state",
        "Read more about it at http://getcomposer.org/doc/01-basic-usage.md#composer-lock-the-lock-file",
        "This file is @generated automatically"
    ],
    "hash": "6fb7265345f84ebe425f012d82f0a5c7",
    "packages": [
        {
            "name": "bshaffer/oauth2-server-httpfoundation-bridge",
            "version": "v1.0",
            "source": {
                "type": "git",
                "url": "https://github.com/bshaffer/oauth2-server-httpfoundation-bridge.git",
                "reference": "d84669c9fb3df6f33e607dad4b984087e1ec2528"
            },
            "dist": {
                "type": "zip",
                "url": "https://api.github.com/repos/bshaffer/oauth2-server-httpfoundation-bridge/zipball/d84669c9fb3df6f33e607dad4b984087e1ec2528",
                "reference": "d84669c9fb3df6f33e607dad4b984087e1ec2528",
                "shasum": ""
            },
            "require": {
                "php": ">=5.3.0"
            },
            "type": "library",
            "autoload": {
                "psr-0": {
                    "OAuth2\\HttpFoundationBridge": "src/"
                }
            },
            "notification-url": "https://packagist.org/downloads/",
            "license": [
                "MIT"
            ],
            "authors": [
                {
                    "name": "Brent Shaffer",
                    "email": "bshafs@gmail.com",
                    "homepage": "http://brentertainment.com"
                }
            ],
            "description": "A bridge to HttpFoundation for oauth2-server-php",
            "homepage": "http://github.com/bshaffer/oauth2-server-httpfoundation-bridge",
            "keywords": [
                "auth",
                "httpfoundation",
                "oauth",
                "oauth2"
            ],
            "time": "2013-09-06 19:06:02"
        },
        {
            "name": "bshaffer/oauth2-server-php",
            "version": "v1.0",
            "source": {
                "type": "git",
                "url": "https://github.com/bshaffer/oauth2-server-php.git",
                "reference": "7abe692c57d8f11026556036ee59575f8b0d328e"
            },
            "dist": {
                "type": "zip",
                "url": "https://api.github.com/repos/bshaffer/oauth2-server-php/zipball/7abe692c57d8f11026556036ee59575f8b0d328e",
                "reference": "7abe692c57d8f11026556036ee59575f8b0d328e",
                "shasum": ""
            },
            "require": {
                "php": ">=5.2.0"
            },
            "type": "library",
            "autoload": {
                "psr-0": {
                    "OAuth2": "src/"
                }
            },
            "notification-url": "https://packagist.org/downloads/",
            "license": [
                "MIT"
            ],
            "authors": [
                {
                    "name": "Brent Shaffer",
                    "email": "bshafs@gmail.com",
                    "homepage": "http://brentertainment.com"
                }
            ],
            "description": "OAuth2 Server for PHP",
            "homepage": "http://github.com/bshaffer/oauth2-server-php",
            "keywords": [
                "auth",
                "oauth",
                "oauth2"
            ],
            "time": "2013-08-12 16:35:58"
        },
        {
            "name": "hautelook/phpass",
            "version": "dev-master",
            "source": {
                "type": "git",
                "url": "https://github.com/hautelook/phpass.git",
                "reference": "94845c6e7eecdc025e8b33dd272d03db06c87f2a"
            },
            "dist": {
                "type": "zip",
                "url": "https://api.github.com/repos/hautelook/phpass/zipball/94845c6e7eecdc025e8b33dd272d03db06c87f2a",
                "reference": "94845c6e7eecdc025e8b33dd272d03db06c87f2a",
                "shasum": ""
            },
            "require": {
                "php": ">=5.3.3"
            },
            "type": "library",
            "autoload": {
                "psr-0": {
                    "Hautelook": "src/"
                }
            },
            "notification-url": "https://packagist.org/downloads/",
            "license": [
                "Public Domain"
            ],
            "authors": [
                {
                    "name": "Solar Designer",
                    "email": "solar@openwall.com",
                    "homepage": "http://openwall.com/phpass/"
                }
            ],
            "description": "Portable PHP password hashing framework",
            "homepage": "http://github.com/hautelook/phpass/",
            "keywords": [
                "blowfish",
                "crypt",
                "password",
                "security"
            ],
            "time": "2012-08-31 00:00:00"
        },
        {
            "name": "swiftmailer/swiftmailer",
            "version": "dev-master",
            "source": {
                "type": "git",
                "url": "https://github.com/swiftmailer/swiftmailer.git",
                "reference": "7b048deea4ee9c49c70c40a15f4045f8dff765bc"
            },
            "dist": {
                "type": "zip",
                "url": "https://api.github.com/repos/swiftmailer/swiftmailer/zipball/7b048deea4ee9c49c70c40a15f4045f8dff765bc",
                "reference": "7b048deea4ee9c49c70c40a15f4045f8dff765bc",
                "shasum": ""
            },
            "require": {
                "php": ">=5.2.4"
            },
            "require-dev": {
                "mockery/mockery": "~0.9.1"
            },
            "type": "library",
            "extra": {
                "branch-alias": {
                    "dev-master": "5.2-dev"
                }
            },
            "autoload": {
                "files": [
                    "lib/swift_required.php"
                ]
            },
            "notification-url": "https://packagist.org/downloads/",
            "license": [
                "MIT"
            ],
            "authors": [
                {
                    "name": "Fabien Potencier",
                    "email": "fabien@symfony.com",
                    "homepage": "http://fabien.potencier.org",
                    "role": "Lead Developer"
                },
                {
                    "name": "Chris Corbyn"
                }
            ],
            "description": "Swiftmailer, free feature-rich PHP mailer",
            "homepage": "http://swiftmailer.org",
            "keywords": [
                "mail",
                "mailer"
            ],
            "time": "2014-06-13 11:45:24"
        }
    ],
    "packages-dev": [

    ],
    "aliases": [

    ],
    "minimum-stability": "dev",
    "stability-flags": {
        "hautelook/phpass": 20
    },
    "platform": [

    ],
    "platform-dev": [

    ]
}
